
Microsoft Visual Studio Solution File, Format Version 12.00
# Visual Studio Version 17
VisualStudioVersion = 17.9.34728.123
MinimumVisualStudioVersion = 10.0.40219.1
Project("{8BC9CEB8-8B4A-11D0-8D11-00A0C91BC942}") = "2026_4_8 test", "2026_4_8 test\2026_4_8 test.vcxproj", "{CED4FCDD-C641-4C69-80FC-D2CD63D2E4BF}"
EndProject
Global
	GlobalSection(SolutionConfigurationPlatforms) = preSolution
		Debug|x64 = Debug|x64
		Debug|x86 = Debug|x86
		Release|x64 = Release|x64
		Release|x86 = Release|x86
	EndGlobalSection
	GlobalSection(ProjectConfigurationPlatforms) = postSolution
		{CED4FCDD-C641-4C69-80FC-D2CD63D2E4BF}.Debug|x64.ActiveCfg = Debug|x64
		{CED4FCDD-C641-4C69-80FC-D2CD63D2E4BF}.Debug|x64.Build.0 = Debug|x64
		{CED4FCDD-C641-4C69-80FC-D2CD63D2E4BF}.Debug|x86.ActiveCfg = Debug|Win32
		{CED4FCDD-C641-4C69-80FC-D2CD63D2E4BF}.Debug|x86.Build.0 = Debug|Win32
		{CED4FCDD-C641-4C69-80FC-D2CD63D2E4BF}.Release|x64.ActiveCfg = Release|x64
		{CED4FCDD-C641-4C69-80FC-D2CD63D2E4BF}.Release|x64.Build.0 = Release|x64
		{CED4FCDD-C641-4C69-80FC-D2CD63D2E4BF}.Release|x86.ActiveCfg = Release|Win32
		{CED4FCDD-C641-4C69-80FC-D2CD63D2E4BF}.Release|x86.Build.0 = Release|Win32
	EndGlobalSection
	GlobalSection(SolutionProperties) = preSolution
		HideSolutionNode = FALSE
	EndGlobalSection
	GlobalSection(ExtensibilityGlobals) = postSolution
		SolutionGuid = {0F8F3DC0-9635-4D58-8D8E-E507FEBFFE74}
	EndGlobalSection
EndGlobal
